// !$*UTF8*$!
{
	archiveVersion = 1;
	classes = {
	};
	objectVersion = 56;
	objects = {

/* Begin PBXBuildFile section */
		5231A4E32B52C7A700FC473D /* AppIconView.swift in Sources */ = {isa = PBXBuildFile; fileRef = 5231A4E22B52C7A700FC473D /* AppIconView.swift */; };
		5231A4E52B53681400FC473D /* PlayersManager.swift in Sources */ = {isa = PBXBuildFile; fileRef = 5231A4E42B53681400FC473D /* PlayersManager.swift */; };
		523F897A2B4FA1D800DC89C5 /* PlayerStatusAppApp.swift in Sources */ = {isa = PBXBuildFile; fileRef = 523F89792B4FA1D800DC89C5 /* PlayerStatusAppApp.swift */; };
		523F897C2B4FA1D800DC89C5 /* ContentView.swift in Sources */ = {isa = PBXBuildFile; fileRef = 523F897B2B4FA1D800DC89C5 /* ContentView.swift */; };
		523F897E2B4FA1D900DC89C5 /* Assets.xcassets in Resources */ = {isa = PBXBuildFile; fileRef = 523F897D2B4FA1D900DC89C5 /* Assets.xcassets */; };
		523F89812B4FA1D900DC89C5 /* Preview Assets.xcassets in Resources */ = {isa = PBXBuildFile; fileRef = 523F89802B4FA1D900DC89C5 /* Preview Assets.xcassets */; };
		523F898B2B4FA1D900DC89C5 /* PlayerStatusAppTests.swift in Sources */ = {isa = PBXBuildFile; fileRef = 523F898A2B4FA1D900DC89C5 /* PlayerStatusAppTests.swift */; };
		523F89952B4FA1D900DC89C5 /* PlayerStatusAppUITests.swift in Sources */ = {isa = PBXBuildFile; fileRef = 523F89942B4FA1D900DC89C5 /* PlayerStatusAppUITests.swift */; };
		523F89972B4FA1D900DC89C5 /* PlayerStatusAppUITestsLaunchTests.swift in Sources */ = {isa = PBXBuildFile; fileRef = 523F89962B4FA1D900DC89C5 /* PlayerStatusAppUITestsLaunchTests.swift */; };
		523F89A42B4FA1F900DC89C5 /* Player.swift in Sources */ = {isa = PBXBuildFile; fileRef = 523F89A32B4FA1F900DC89C5 /* Player.swift */; };
		523F89A62B4FBBF100DC89C5 /* AbilitiesViewCell.swift in Sources */ = {isa = PBXBuildFile; fileRef = 523F89A52B4FBBF100DC89C5 /* AbilitiesViewCell.swift */; };
		523F89A82B4FC89B00DC89C5 /* Color+Assets.swift in Sources */ = {isa = PBXBuildFile; fileRef = 523F89A72B4FC89B00DC89C5 /* Color+Assets.swift */; };
		523F89AA2B4FF06500DC89C5 /* View+StrokeBackground.swift in Sources */ = {isa = PBXBuildFile; fileRef = 523F89A92B4FF06500DC89C5 /* View+StrokeBackground.swift */; };
		52797C802B50B21B005EEABC /* InfoItemCellView.swift in Sources */ = {isa = PBXBuildFile; fileRef = 52797C7F2B50B21B005EEABC /* InfoItemCellView.swift */; };
		52797C822B50B235005EEABC /* SpecialAbilitiesViewCell.swift in Sources */ = {isa = PBXBuildFile; fileRef = 52797C812B50B235005EEABC /* SpecialAbilitiesViewCell.swift */; };
		52797C842B50B7E0005EEABC /* Player+Ability.swift in Sources */ = {isa = PBXBuildFile; fileRef = 52797C832B50B7E0005EEABC /* Player+Ability.swift */; };
		52797C862B50B82F005EEABC /* Player+SpecialAbility.swift in Sources */ = {isa = PBXBuildFile; fileRef = 52797C852B50B82F005EEABC /* Player+SpecialAbility.swift */; };
		52797C892B50E128005EEABC /* PreviewPlayerView.swift in Sources */ = {isa = PBXBuildFile; fileRef = 52797C882B50E128005EEABC /* PreviewPlayerView.swift */; };
		52797C8B2B50E136005EEABC /* EditPlayerView.swift in Sources */ = {isa = PBXBuildFile; fileRef = 52797C8A2B50E136005EEABC /* EditPlayerView.swift */; };
		52797C8D2B510F31005EEABC /* AbilitiesView.swift in Sources */ = {isa = PBXBuildFile; fileRef = 52797C8C2B510F31005EEABC /* AbilitiesView.swift */; };
		52797C8F2B510F5B005EEABC /* SpecialAbilitiesView.swift in Sources */ = {isa = PBXBuildFile; fileRef = 52797C8E2B510F5B005EEABC /* SpecialAbilitiesView.swift */; };
		52797C912B523D0E005EEABC /* DeviceTraitStatus.swift in Sources */ = {isa = PBXBuildFile; fileRef = 52797C902B523D0E005EEABC /* DeviceTraitStatus.swift */; };
/* End PBXBuildFile section */

/* Begin PBXContainerItemProxy section */
		523F89872B4FA1D900DC89C5 /* PBXContainerItemProxy */ = {
			isa = PBXContainerItemProxy;
			containerPortal = 523F896E2B4FA1D800DC89C5 /* Project object */;
			proxyType = 1;
			remoteGlobalIDString = 523F89752B4FA1D800DC89C5;
			remoteInfo = PlayerStatusApp;
		};
		523F89912B4FA1D900DC89C5 /* PBXContainerItemProxy */ = {
			isa = PBXContainerItemProxy;
			containerPortal = 523F896E2B4FA1D800DC89C5 /* Project object */;
			proxyType = 1;
			remoteGlobalIDString = 523F89752B4FA1D800DC89C5;
			remoteInfo = PlayerStatusApp;
		};
/* End PBXContainerItemProxy section */

/* Begin PBXFileReference section */
		5231A4E22B52C7A700FC473D /* AppIconView.swift */ = {isa = PBXFileReference; lastKnownFileType = sourcecode.swift; path = AppIconView.swift; sourceTree = "<group>"; };
		5231A4E42B53681400FC473D /* PlayersManager.swift */ = {isa = PBXFileReference; lastKnownFileType = sourcecode.swift; path = PlayersManager.swift; sourceTree = "<group>"; };
		523F89762B4FA1D800DC89C5 /* PlayerStatusApp.app */ = {isa = PBXFileReference; explicitFileType = wrapper.application; includeInIndex = 0; path = PlayerStatusApp.app; sourceTree = BUILT_PRODUCTS_DIR; };
		523F89792B4FA1D800DC89C5 /* PlayerStatusAppApp.swift */ = {isa = PBXFileReference; lastKnownFileType = sourcecode.swift; path = PlayerStatusAppApp.swift; sourceTree = "<group>"; };
		523F897B2B4FA1D800DC89C5 /* ContentView.swift */ = {isa = PBXFileReference; lastKnownFileType = sourcecode.swift; path = ContentView.swift; sourceTree = "<group>"; };
		523F897D2B4FA1D900DC89C5 /* Assets.xcassets */ = {isa = PBXFileReference; lastKnownFileType = folder.assetcatalog; path = Assets.xcassets; sourceTree = "<group>"; };
		523F89802B4FA1D900DC89C5 /* Preview Assets.xcassets */ = {isa = PBXFileReference; lastKnownFileType = folder.assetcatalog; path = "Preview Assets.xcassets"; sourceTree = "<group>"; };
		523F89862B4FA1D900DC89C5 /* PlayerStatusAppTests.xctest */ = {isa = PBXFileReference; explicitFileType = wrapper.cfbundle; includeInIndex = 0; path = PlayerStatusAppTests.xctest; sourceTree = BUILT_PRODUCTS_DIR; };
		523F898A2B4FA1D900DC89C5 /* PlayerStatusAppTests.swift */ = {isa = PBXFileReference; lastKnownFileType = sourcecode.swift; path = PlayerStatusAppTests.swift; sourceTree = "<group>"; };
		523F89902B4FA1D900DC89C5 /* PlayerStatusAppUITests.xctest */ = {isa = PBXFileReference; explicitFileType = wrapper.cfbundle; includeInIndex = 0; path = PlayerStatusAppUITests.xctest; sourceTree = BUILT_PRODUCTS_DIR; };
		523F89942B4FA1D900DC89C5 /* PlayerStatusAppUITests.swift */ = {isa = PBXFileReference; lastKnownFileType = sourcecode.swift; path = PlayerStatusAppUITests.swift; sourceTree = "<group>"; };
		523F89962B4FA1D900DC89C5 /* PlayerStatusAppUITestsLaunchTests.swift */ = {isa = PBXFileReference; lastKnownFileType = sourcecode.swift; path = PlayerStatusAppUITestsLaunchTests.swift; sourceTree = "<group>"; };
		523F89A32B4FA1F900DC89C5 /* Player.swift */ = {isa = PBXFileReference; lastKnownFileType = sourcecode.swift; path = Player.swift; sourceTree = "<group>"; };
		523F89A52B4FBBF100DC89C5 /* AbilitiesViewCell.swift */ = {isa = PBXFileReference; lastKnownFileType = sourcecode.swift; path = AbilitiesViewCell.swift; sourceTree = "<group>"; };
		523F89A72B4FC89B00DC89C5 /* Color+Assets.swift */ = {isa = PBXFileReference; lastKnownFileType = sourcecode.swift; path = "Color+Assets.swift"; sourceTree = "<group>"; };
		523F89A92B4FF06500DC89C5 /* View+StrokeBackground.swift */ = {isa = PBXFileReference; lastKnownFileType = sourcecode.swift; path = "View+StrokeBackground.swift"; sourceTree = "<group>"; };
		52797C7F2B50B21B005EEABC /* InfoItemCellView.swift */ = {isa = PBXFileReference; lastKnownFileType = sourcecode.swift; path = InfoItemCellView.swift; sourceTree = "<group>"; };
		52797C812B50B235005EEABC /* SpecialAbilitiesViewCell.swift */ = {isa = PBXFileReference; lastKnownFileType = sourcecode.swift; path = SpecialAbilitiesViewCell.swift; sourceTree = "<group>"; };
		52797C832B50B7E0005EEABC /* Player+Ability.swift */ = {isa = PBXFileReference; lastKnownFileType = sourcecode.swift; path = "Player+Ability.swift"; sourceTree = "<group>"; };
		52797C852B50B82F005EEABC /* Player+SpecialAbility.swift */ = {isa = PBXFileReference; lastKnownFileType = sourcecode.swift; path = "Player+SpecialAbility.swift"; sourceTree = "<group>"; };
		52797C882B50E128005EEABC /* PreviewPlayerView.swift */ = {isa = PBXFileReference; lastKnownFileType = sourcecode.swift; path = PreviewPlayerView.swift; sourceTree = "<group>"; };
		52797C8A2B50E136005EEABC /* EditPlayerView.swift */ = {isa = PBXFileReference; lastKnownFileType = sourcecode.swift; path = EditPlayerView.swift; sourceTree = "<group>"; };
		52797C8C2B510F31005EEABC /* AbilitiesView.swift */ = {isa = PBXFileReference; lastKnownFileType = sourcecode.swift; path = AbilitiesView.swift; sourceTree = "<group>"; };
		52797C8E2B510F5B005EEABC /* SpecialAbilitiesView.swift */ = {isa = PBXFileReference; lastKnownFileType = sourcecode.swift; path = SpecialAbilitiesView.swift; sourceTree = "<group>"; };
		52797C902B523D0E005EEABC /* DeviceTraitStatus.swift */ = {isa = PBXFileReference; lastKnownFileType = sourcecode.swift; path = DeviceTraitStatus.swift; sourceTree = "<group>"; };
/* End PBXFileReference section */

/* Begin PBXFrameworksBuildPhase section */
		523F89732B4FA1D800DC89C5 /* Frameworks */ = {
			isa = PBXFrameworksBuildPhase;
			buildActionMask = 2147483647;
			files = (
			);
			runOnlyForDeploymentPostprocessing = 0;
		};
		523F89832B4FA1D900DC89C5 /* Frameworks */ = {
			isa = PBXFrameworksBuildPhase;
			buildActionMask = 2147483647;
			files = (
			);
			runOnlyForDeploymentPostprocessing = 0;
		};
		523F898D2B4FA1D900DC89C5 /* Frameworks */ = {
			isa = PBXFrameworksBuildPhase;
			buildActionMask = 2147483647;
			files = (
			);
			runOnlyForDeploymentPostprocessing = 0;
		};
/* End PBXFrameworksBuildPhase section */

/* Begin PBXGroup section */
		5231A4E62B53845400FC473D /* Player */ = {
			isa = PBXGroup;
			children = (
				5231A4E42B53681400FC473D /* PlayersManager.swift */,
				523F89A32B4FA1F900DC89C5 /* Player.swift */,
				52797C832B50B7E0005EEABC /* Player+Ability.swift */,
				52797C852B50B82F005EEABC /* Player+SpecialAbility.swift */,
			);
			path = Player;
			sourceTree = "<group>";
		};
		523F896D2B4FA1D800DC89C5 = {
			isa = PBXGroup;
			children = (
				523F89782B4FA1D800DC89C5 /* PlayerStatusApp */,
				523F89892B4FA1D900DC89C5 /* PlayerStatusAppTests */,
				523F89932B4FA1D900DC89C5 /* PlayerStatusAppUITests */,
				523F89772B4FA1D800DC89C5 /* Products */,
			);
			sourceTree = "<group>";
		};
		523F89772B4FA1D800DC89C5 /* Products */ = {
			isa = PBXGroup;
			children = (
				523F89762B4FA1D800DC89C5 /* PlayerStatusApp.app */,
				523F89862B4FA1D900DC89C5 /* PlayerStatusAppTests.xctest */,
				523F89902B4FA1D900DC89C5 /* PlayerStatusAppUITests.xctest */,
			);
			name = Products;
			sourceTree = "<group>";
		};
		523F89782B4FA1D800DC89C5 /* PlayerStatusApp */ = {
			isa = PBXGroup;
			children = (
				523F897D2B4FA1D900DC89C5 /* Assets.xcassets */,
				523F89792B4FA1D800DC89C5 /* PlayerStatusAppApp.swift */,
				523F897B2B4FA1D800DC89C5 /* ContentView.swift */,
				5231A4E62B53845400FC473D /* Player */,
				523F89AB2B4FFCF300DC89C5 /* Views */,
				523F89AC2B4FFD0F00DC89C5 /* Utils */,
				523F897F2B4FA1D900DC89C5 /* Preview Content */,
			);
			path = PlayerStatusApp;
			sourceTree = "<group>";
		};
		523F897F2B4FA1D900DC89C5 /* Preview Content */ = {
			isa = PBXGroup;
			children = (
				523F89802B4FA1D900DC89C5 /* Preview Assets.xcassets */,
				5231A4E22B52C7A700FC473D /* AppIconView.swift */,
			);
			path = "Preview Content";
			sourceTree = "<group>";
		};
		523F89892B4FA1D900DC89C5 /* PlayerStatusAppTests */ = {
			isa = PBXGroup;
			children = (
				523F898A2B4FA1D900DC89C5 /* PlayerStatusAppTests.swift */,
			);
			path = PlayerStatusAppTests;
			sourceTree = "<group>";
		};
		523F89932B4FA1D900DC89C5 /* PlayerStatusAppUITests */ = {
			isa = PBXGroup;
			children = (
				523F89942B4FA1D900DC89C5 /* PlayerStatusAppUITests.swift */,
				523F89962B4FA1D900DC89C5 /* PlayerStatusAppUITestsLaunchTests.swift */,
			);
			path = PlayerStatusAppUITests;
			sourceTree = "<group>";
		};
		523F89AB2B4FFCF300DC89C5 /* Views */ = {
			isa = PBXGroup;
			children = (
				52797C882B50E128005EEABC /* PreviewPlayerView.swift */,
				52797C8A2B50E136005EEABC /* EditPlayerView.swift */,
				52797C872B50E0EE005EEABC /* ViewParts */,
			);
			path = Views;
			sourceTree = "<group>";
		};
		523F89AC2B4FFD0F00DC89C5 /* Utils */ = {
			isa = PBXGroup;
			children = (
				523F89A72B4FC89B00DC89C5 /* Color+Assets.swift */,
				52797C902B523D0E005EEABC /* DeviceTraitStatus.swift */,
				523F89A92B4FF06500DC89C5 /* View+StrokeBackground.swift */,
			);
			path = Utils;
			sourceTree = "<group>";
		};
		52797C872B50E0EE005EEABC /* ViewParts */ = {
			isa = PBXGroup;
			children = (
				52797C7F2B50B21B005EEABC /* InfoItemCellView.swift */,
				52797C8C2B510F31005EEABC /* AbilitiesView.swift */,
				523F89A52B4FBBF100DC89C5 /* AbilitiesViewCell.swift */,
				52797C8E2B510F5B005EEABC /* SpecialAbilitiesView.swift */,
				52797C812B50B235005EEABC /* SpecialAbilitiesViewCell.swift */,
			);
			path = ViewParts;
			sourceTree = "<group>";
		};
/* End PBXGroup section */

/* Begin PBXNativeTarget section */
		523F89752B4FA1D800DC89C5 /* PlayerStatusApp */ = {
			isa = PBXNativeTarget;
			buildConfigurationList = 523F899A2B4FA1D900DC89C5 /* Build configuration list for PBXNativeTarget "PlayerStatusApp" */;
			buildPhases = (
				523F89722B4FA1D800DC89C5 /* Sources */,
				523F89732B4FA1D800DC89C5 /* Frameworks */,
				523F89742B4FA1D800DC89C5 /* Resources */,
			);
			buildRules = (
			);
			dependencies = (
			);
			name = PlayerStatusApp;
			productName = PlayerStatusApp;
			productReference = 523F89762B4FA1D800DC89C5 /* PlayerStatusApp.app */;
			productType = "com.apple.product-type.application";
		};
		523F89852B4FA1D900DC89C5 /* PlayerStatusAppTests */ = {
			isa = PBXNativeTarget;
			buildConfigurationList = 523F899D2B4FA1D900DC89C5 /* Build configuration list for PBXNativeTarget "PlayerStatusAppTests" */;
			buildPhases = (
				523F89822B4FA1D900DC89C5 /* Sources */,
				523F89832B4FA1D900DC89C5 /* Frameworks */,
				523F89842B4FA1D900DC89C5 /* Resources */,
			);
			buildRules = (
			);
			dependencies = (
				523F89882B4FA1D900DC89C5 /* PBXTargetDependency */,
			);
			name = PlayerStatusAppTests;
			productName = PlayerStatusAppTests;
			productReference = 523F89862B4FA1D900DC89C5 /* PlayerStatusAppTests.xctest */;
			productType = "com.apple.product-type.bundle.unit-test";
		};
		523F898F2B4FA1D900DC89C5 /* PlayerStatusAppUITests */ = {
			isa = PBXNativeTarget;
			buildConfigurationList = 523F89A02B4FA1D900DC89C5 /* Build configuration list for PBXNativeTarget "PlayerStatusAppUITests" */;
			buildPhases = (
				523F898C2B4FA1D900DC89C5 /* Sources */,
				523F898D2B4FA1D900DC89C5 /* Frameworks */,
				523F898E2B4FA1D900DC89C5 /* Resources */,
			);
			buildRules = (
			);
			dependencies = (
				523F89922B4FA1D900DC89C5 /* PBXTargetDependency */,
			);
			name = PlayerStatusAppUITests;
			productName = PlayerStatusAppUITests;
			productReference = 523F89902B4FA1D900DC89C5 /* PlayerStatusAppUITests.xctest */;
			productType = "com.apple.product-type.bundle.ui-testing";
		};
/* End PBXNativeTarget section */

/* Begin PBXProject section */
		523F896E2B4FA1D800DC89C5 /* Project object */ = {
			isa = PBXProject;
			attributes = {
				BuildIndependentTargetsInParallel = 1;
				LastSwiftUpdateCheck = 1520;
				LastUpgradeCheck = 1520;
				TargetAttributes = {
					523F89752B4FA1D800DC89C5 = {
						CreatedOnToolsVersion = 15.2;
					};
					523F89852B4FA1D900DC89C5 = {
						CreatedOnToolsVersion = 15.2;
						TestTargetID = 523F89752B4FA1D800DC89C5;
					};
					523F898F2B4FA1D900DC89C5 = {
						CreatedOnToolsVersion = 15.2;
						TestTargetID = 523F89752B4FA1D800DC89C5;
					};
				};
			};
			buildConfigurationList = 523F89712B4FA1D800DC89C5 /* Build configuration list for PBXProject "PlayerStatusApp" */;
			compatibilityVersion = "Xcode 14.0";
			developmentRegion = en;
			hasScannedForEncodings = 0;
			knownRegions = (
				en,
				Base,
			);
			mainGroup = 523F896D2B4FA1D800DC89C5;
			productRefGroup = 523F89772B4FA1D800DC89C5 /* Products */;
			projectDirPath = "";
			projectRoot = "";
			targets = (
				523F89752B4FA1D800DC89C5 /* PlayerStatusApp */,
				523F89852B4FA1D900DC89C5 /* PlayerStatusAppTests */,
				523F898F2B4FA1D900DC89C5 /* PlayerStatusAppUITests */,
			);
		};
/* End PBXProject section */

/* Begin PBXResourcesBuildPhase section */
		523F89742B4FA1D800DC89C5 /* Resources */ = {
			isa = PBXResourcesBuildPhase;
			buildActionMask = 2147483647;
			files = (
				523F89812B4FA1D900DC89C5 /* Preview Assets.xcassets in Resources */,
				523F897E2B4FA1D900DC89C5 /* Assets.xcassets in Resources */,
			);
			runOnlyForDeploymentPostprocessing = 0;
		};
		523F89842B4FA1D900DC89C5 /* Resources */ = {
			isa = PBXResourcesBuildPhase;
			buildActionMask = 2147483647;
			files = (
			);
			runOnlyForDeploymentPostprocessing = 0;
		};
		523F898E2B4FA1D900DC89C5 /* Resources */ = {
			isa = PBXResourcesBuildPhase;
			buildActionMask = 2147483647;
			files = (
			);
			runOnlyForDeploymentPostprocessing = 0;
		};
/* End PBXResourcesBuildPhase section */

/* Begin PBXSourcesBuildPhase section */
		523F89722B4FA1D800DC89C5 /* Sources */ = {
			isa = PBXSourcesBuildPhase;
			buildActionMask = 2147483647;
			files = (
				523F897C2B4FA1D800DC89C5 /* ContentView.swift in Sources */,
				52797C8B2B50E136005EEABC /* EditPlayerView.swift in Sources */,
				5231A4E32B52C7A700FC473D /* AppIconView.swift in Sources */,
				52797C862B50B82F005EEABC /* Player+SpecialAbility.swift in Sources */,
				52797C892B50E128005EEABC /* PreviewPlayerView.swift in Sources */,
				52797C822B50B235005EEABC /* SpecialAbilitiesViewCell.swift in Sources */,
				523F89A82B4FC89B00DC89C5 /* Color+Assets.swift in Sources */,
				52797C912B523D0E005EEABC /* DeviceTraitStatus.swift in Sources */,
				52797C842B50B7E0005EEABC /* Player+Ability.swift in Sources */,
				523F89AA2B4FF06500DC89C5 /* View+StrokeBackground.swift in Sources */,
				523F89A62B4FBBF100DC89C5 /* AbilitiesViewCell.swift in Sources */,
				52797C8F2B510F5B005EEABC /* SpecialAbilitiesView.swift in Sources */,
				52797C8D2B510F31005EEABC /* AbilitiesView.swift in Sources */,
				52797C802B50B21B005EEABC /* InfoItemCellView.swift in Sources */,
				523F89A42B4FA1F900DC89C5 /* Player.swift in Sources */,
				523F897A2B4FA1D800DC89C5 /* PlayerStatusAppApp.swift in Sources */,
				5231A4E52B53681400FC473D /* PlayersManager.swift in Sources */,
			);
			runOnlyForDeploymentPostprocessing = 0;
		};
		523F89822B4FA1D900DC89C5 /* Sources */ = {
			isa = PBXSourcesBuildPhase;
			buildActionMask = 2147483647;
			files = (
				523F898B2B4FA1D900DC89C5 /* PlayerStatusAppTests.swift in Sources */,
			);
			runOnlyForDeploymentPostprocessing = 0;
		};
		523F898C2B4FA1D900DC89C5 /* Sources */ = {
			isa = PBXSourcesBuildPhase;
			buildActionMask = 2147483647;
			files = (
				523F89952B4FA1D900DC89C5 /* PlayerStatusAppUITests.swift in Sources */,
				523F89972B4FA1D900DC89C5 /* PlayerStatusAppUITestsLaunchTests.swift in Sources */,
			);
			runOnlyForDeploymentPostprocessing = 0;
		};
/* End PBXSourcesBuildPhase section */

/* Begin PBXTargetDependency section */
		523F89882B4FA1D900DC89C5 /* PBXTargetDependency */ = {
			isa = PBXTargetDependency;
			target = 523F89752B4FA1D800DC89C5 /* PlayerStatusApp */;
			targetProxy = 523F89872B4FA1D900DC89C5 /* PBXContainerItemProxy */;
		};
		523F89922B4FA1D900DC89C5 /* PBXTargetDependency */ = {
			isa = PBXTargetDependency;
			target = 523F89752B4FA1D800DC89C5 /* PlayerStatusApp */;
			targetProxy = 523F89912B4FA1D900DC89C5 /* PBXContainerItemProxy */;
		};
/* End PBXTargetDependency section */

/* Begin XCBuildConfiguration section */
		523F89982B4FA1D900DC89C5 /* Debug */ = {
			isa = XCBuildConfiguration;
			buildSettings = {
				ALWAYS_SEARCH_USER_PATHS = NO;
				ASSETCATALOG_COMPILER_GENERATE_SWIFT_ASSET_SYMBOL_EXTENSIONS = YES;
				CLANG_ANALYZER_NONNULL = YES;
				CLANG_ANALYZER_NUMBER_OBJECT_CONVERSION = YES_AGGRESSIVE;
				CLANG_CXX_LANGUAGE_STANDARD = "gnu++20";
				CLANG_ENABLE_MODULES = YES;
				CLANG_ENABLE_OBJC_ARC = YES;
				CLANG_ENABLE_OBJC_WEAK = YES;
				CLANG_WARN_BLOCK_CAPTURE_AUTORELEASING = YES;
				CLANG_WARN_BOOL_CONVERSION = YES;
				CLANG_WARN_COMMA = YES;
				CLANG_WARN_CONSTANT_CONVERSION = YES;
				CLANG_WARN_DEPRECATED_OBJC_IMPLEMENTATIONS = YES;
				CLANG_WARN_DIRECT_OBJC_ISA_USAGE = YES_ERROR;
				CLANG_WARN_DOCUMENTATION_COMMENTS = YES;
				CLANG_WARN_EMPTY_BODY = YES;
				CLANG_WARN_ENUM_CONVERSION = YES;
				CLANG_WARN_INFINITE_RECURSION = YES;
				CLANG_WARN_INT_CONVERSION = YES;
				CLANG_WARN_NON_LITERAL_NULL_CONVERSION = YES;
				CLANG_WARN_OBJC_IMPLICIT_RETAIN_SELF = YES;
				CLANG_WARN_OBJC_LITERAL_CONVERSION = YES;
				CLANG_WARN_OBJC_ROOT_CLASS = YES_ERROR;
				CLANG_WARN_QUOTED_INCLUDE_IN_FRAMEWORK_HEADER = YES;
				CLANG_WARN_RANGE_LOOP_ANALYSIS = YES;
				CLANG_WARN_STRICT_PROTOTYPES = YES;
				CLANG_WARN_SUSPICIOUS_MOVE = YES;
				CLANG_WARN_UNGUARDED_AVAILABILITY = YES_AGGRESSIVE;
				CLANG_WARN_UNREACHABLE_CODE = YES;
				CLANG_WARN__DUPLICATE_METHOD_MATCH = YES;
				COPY_PHASE_STRIP = NO;
				DEBUG_INFORMATION_FORMAT = dwarf;
				ENABLE_STRICT_OBJC_MSGSEND = YES;
				ENABLE_TESTABILITY = YES;
				ENABLE_USER_SCRIPT_SANDBOXING = YES;
				GCC_C_LANGUAGE_STANDARD = gnu17;
				GCC_DYNAMIC_NO_PIC = NO;
				GCC_NO_COMMON_BLOCKS = YES;
				GCC_OPTIMIZATION_LEVEL = 0;
				GCC_PREPROCESSOR_DEFINITIONS = (
					"DEBUG=1",
					"$(inherited)",
				);
				GCC_WARN_64_TO_32_BIT_CONVERSION = YES;
				GCC_WARN_ABOUT_RETURN_TYPE = YES_ERROR;
				GCC_WARN_UNDECLARED_SELECTOR = YES;
				GCC_WARN_UNINITIALIZED_AUTOS = YES_AGGRESSIVE;
				GCC_WARN_UNUSED_FUNCTION = YES;
				GCC_WARN_UNUSED_VARIABLE = YES;
				IPHONEOS_DEPLOYMENT_TARGET = 16.0;
				LOCALIZATION_PREFERS_STRING_CATALOGS = YES;
				MTL_ENABLE_DEBUG_INFO = INCLUDE_SOURCE;
				MTL_FAST_MATH = YES;
				ONLY_ACTIVE_ARCH = YES;
				SDKROOT = iphoneos;
				SWIFT_ACTIVE_COMPILATION_CONDITIONS = "DEBUG $(inherited)";
				SWIFT_OPTIMIZATION_LEVEL = "-Onone";
			};
			name = Debug;
		};
		523F89992B4FA1D900DC89C5 /* Release */ = {
			isa = XCBuildConfiguration;
			buildSettings = {
				ALWAYS_SEARCH_USER_PATHS = NO;
				ASSETCATALOG_COMPILER_GENERATE_SWIFT_ASSET_SYMBOL_EXTENSIONS = YES;
				CLANG_ANALYZER_NONNULL = YES;
				CLANG_ANALYZER_NUMBER_OBJECT_CONVERSION = YES_AGGRESSIVE;
				CLANG_CXX_LANGUAGE_STANDARD = "gnu++20";
				CLANG_ENABLE_MODULES = YES;
				CLANG_ENABLE_OBJC_ARC = YES;
				CLANG_ENABLE_OBJC_WEAK = YES;
				CLANG_WARN_BLOCK_CAPTURE_AUTORELEASING = YES;
				CLANG_WARN_BOOL_CONVERSION = YES;
				CLANG_WARN_COMMA = YES;
				CLANG_WARN_CONSTANT_CONVERSION = YES;
				CLANG_WARN_DEPRECATED_OBJC_IMPLEMENTATIONS = YES;
				CLANG_WARN_DIRECT_OBJC_ISA_USAGE = YES_ERROR;
				CLANG_WARN_DOCUMENTATION_COMMENTS = YES;
				CLANG_WARN_EMPTY_BODY = YES;
				CLANG_WARN_ENUM_CONVERSION = YES;
				CLANG_WARN_INFINITE_RECURSION = YES;
				CLANG_WARN_INT_CONVERSION = YES;
				CLANG_WARN_NON_LITERAL_NULL_CONVERSION = YES;
				CLANG_WARN_OBJC_IMPLICIT_RETAIN_SELF = YES;
				CLANG_WARN_OBJC_LITERAL_CONVERSION = YES;
				CLANG_WARN_OBJC_ROOT_CLASS = YES_ERROR;
				CLANG_WARN_QUOTED_INCLUDE_IN_FRAMEWORK_HEADER = YES;
				CLANG_WARN_RANGE_LOOP_ANALYSIS = YES;
				CLANG_WARN_STRICT_PROTOTYPES = YES;
				CLANG_WARN_SUSPICIOUS_MOVE = YES;
				CLANG_WARN_UNGUARDED_AVAILABILITY = YES_AGGRESSIVE;
				CLANG_WARN_UNREACHABLE_CODE = YES;
				CLANG_WARN__DUPLICATE_METHOD_MATCH = YES;
				COPY_PHASE_STRIP = NO;
				DEBUG_INFORMATION_FORMAT = "dwarf-with-dsym";
				ENABLE_NS_ASSERTIONS = NO;
				ENABLE_STRICT_OBJC_MSGSEND = YES;
				ENABLE_USER_SCRIPT_SANDBOXING = YES;
				GCC_C_LANGUAGE_STANDARD = gnu17;
				GCC_NO_COMMON_BLOCKS = YES;
				GCC_WARN_64_TO_32_BIT_CONVERSION = YES;
				GCC_WARN_ABOUT_RETURN_TYPE = YES_ERROR;
				GCC_WARN_UNDECLARED_SELECTOR = YES;
				GCC_WARN_UNINITIALIZED_AUTOS = YES_AGGRESSIVE;
				GCC_WARN_UNUSED_FUNCTION = YES;
				GCC_WARN_UNUSED_VARIABLE = YES;
				IPHONEOS_DEPLOYMENT_TARGET = 16.0;
				LOCALIZATION_PREFERS_STRING_CATALOGS = YES;
				MTL_ENABLE_DEBUG_INFO = NO;
				MTL_FAST_MATH = YES;
				SDKROOT = iphoneos;
				SWIFT_COMPILATION_MODE = wholemodule;
				VALIDATE_PRODUCT = YES;
			};
			name = Release;
		};
		523F899B2B4FA1D900DC89C5 /* Debug */ = {
			isa = XCBuildConfiguration;
			buildSettings = {
				ASSETCATALOG_COMPILER_APPICON_NAME = AppIcon;
				ASSETCATALOG_COMPILER_GLOBAL_ACCENT_COLOR_NAME = AccentColor;
				CODE_SIGN_STYLE = Automatic;
				CURRENT_PROJECT_VERSION = 1;
				DEVELOPMENT_ASSET_PATHS = "\"PlayerStatusApp/Preview Content\"";
				DEVELOPMENT_TEAM = PBBV5BVMZD;
				ENABLE_PREVIEWS = YES;
				GENERATE_INFOPLIST_FILE = YES;
				INFOPLIST_KEY_CFBundleDisplayName = "能力作成";
				INFOPLIST_KEY_UIApplicationSceneManifest_Generation = YES;
				INFOPLIST_KEY_UIApplicationSupportsIndirectInputEvents = YES;
				INFOPLIST_KEY_UILaunchScreen_Generation = YES;
				INFOPLIST_KEY_UIStatusBarHidden = NO;
				INFOPLIST_KEY_UISupportedInterfaceOrientations = "UIInterfaceOrientationLandscapeLeft UIInterfaceOrientationLandscapeRight UIInterfaceOrientationPortrait";
				INFOPLIST_KEY_UISupportedInterfaceOrientations_iPad = "UIInterfaceOrientationLandscapeLeft UIInterfaceOrientationLandscapeRight UIInterfaceOrientationPortrait UIInterfaceOrientationPortraitUpsideDown";
				IPHONEOS_DEPLOYMENT_TARGET = 16.0;
				LD_RUNPATH_SEARCH_PATHS = (
					"$(inherited)",
					"@executable_path/Frameworks",
				);
				MARKETING_VERSION = 1.0;
				PRODUCT_BUNDLE_IDENTIFIER = PlayerStatusApp;
				PRODUCT_NAME = "$(TARGET_NAME)";
				SWIFT_EMIT_LOC_STRINGS = YES;
				SWIFT_VERSION = 5.0;
				TARGETED_DEVICE_FAMILY = "1,2";
			};
			name = Debug;
		};
		523F899C2B4FA1D900DC89C5 /* Release */ = {
			isa = XCBuildConfiguration;
			buildSettings = {
				ASSETCATALOG_COMPILER_APPICON_NAME = AppIcon;
				ASSETCATALOG_COMPILER_GLOBAL_ACCENT_COLOR_NAME = AccentColor;
				CODE_SIGN_STYLE = Automatic;
				CURRENT_PROJECT_VERSION = 1;
				DEVELOPMENT_ASSET_PATHS = "\"PlayerStatusApp/Preview Content\"";
				DEVELOPMENT_TEAM = PBBV5BVMZD;
				ENABLE_PREVIEWS = YES;
				GENERATE_INFOPLIST_FILE = YES;
				INFOPLIST_KEY_CFBundleDisplayName = "能力作成";
				INFOPLIST_KEY_UIApplicationSceneManifest_Generation = YES;
				INFOPLIST_KEY_UIApplicationSupportsIndirectInputEvents = YES;
				INFOPLIST_KEY_UILaunchScreen_Generation = YES;
				INFOPLIST_KEY_UIStatusBarHidden = NO;
				INFOPLIST_KEY_UISupportedInterfaceOrientations = "UIInterfaceOrientationLandscapeLeft UIInterfaceOrientationLandscapeRight UIInterfaceOrientationPortrait";
				INFOPLIST_KEY_UISupportedInterfaceOrientations_iPad = "UIInterfaceOrientationLandscapeLeft UIInterfaceOrientationLandscapeRight UIInterfaceOrientationPortrait UIInterfaceOrientationPortraitUpsideDown";
				IPHONEOS_DEPLOYMENT_TARGET = 16.0;
				LD_RUNPATH_SEARCH_PATHS = (
					"$(inherited)",
					"@executable_path/Frameworks",
				);
				MARKETING_VERSION = 1.0;
				PRODUCT_BUNDLE_IDENTIFIER = PlayerStatusApp;
				PRODUCT_NAME = "$(TARGET_NAME)";
				SWIFT_EMIT_LOC_STRINGS = YES;
				SWIFT_VERSION = 5.0;
				TARGETED_DEVICE_FAMILY = "1,2";
			};
			name = Release;
		};
		523F899E2B4FA1D900DC89C5 /* Debug */ = {
			isa = XCBuildConfiguration;
			buildSettings = {
				ALWAYS_EMBED_SWIFT_STANDARD_LIBRARIES = YES;
				BUNDLE_LOADER = "$(TEST_HOST)";
				CODE_SIGN_STYLE = Automatic;
				CURRENT_PROJECT_VERSION = 1;
				GENERATE_INFOPLIST_FILE = YES;
				IPHONEOS_DEPLOYMENT_TARGET = 17.2;
				MARKETING_VERSION = 1.0;
				PRODUCT_BUNDLE_IDENTIFIER = TodoSns.PlayerStatusAppTests;
				PRODUCT_NAME = "$(TARGET_NAME)";
				SWIFT_EMIT_LOC_STRINGS = NO;
				SWIFT_VERSION = 5.0;
				TARGETED_DEVICE_FAMILY = "1,2";
				TEST_HOST = "$(BUILT_PRODUCTS_DIR)/PlayerStatusApp.app/$(BUNDLE_EXECUTABLE_FOLDER_PATH)/PlayerStatusApp";
			};
			name = Debug;
		};
		523F899F2B4FA1D900DC89C5 /* Release */ = {
			isa = XCBuildConfiguration;
			buildSettings = {
				ALWAYS_EMBED_SWIFT_STANDARD_LIBRARIES = YES;
				BUNDLE_LOADER = "$(TEST_HOST)";
				CODE_SIGN_STYLE = Automatic;
				CURRENT_PROJECT_VERSION = 1;
				GENERATE_INFOPLIST_FILE = YES;
				IPHONEOS_DEPLOYMENT_TARGET = 17.2;
				MARKETING_VERSION = 1.0;
				PRODUCT_BUNDLE_IDENTIFIER = TodoSns.PlayerStatusAppTests;
				PRODUCT_NAME = "$(TARGET_NAME)";
				SWIFT_EMIT_LOC_STRINGS = NO;
				SWIFT_VERSION = 5.0;
				TARGETED_DEVICE_FAMILY = "1,2";
				TEST_HOST = "$(BUILT_PRODUCTS_DIR)/PlayerStatusApp.app/$(BUNDLE_EXECUTABLE_FOLDER_PATH)/PlayerStatusApp";
			};
			name = Release;
		};
		523F89A12B4FA1D900DC89C5 /* Debug */ = {
			isa = XCBuildConfiguration;
			buildSettings = {
				ALWAYS_EMBED_SWIFT_STANDARD_LIBRARIES = YES;
				CODE_SIGN_STYLE = Automatic;
				CURRENT_PROJECT_VERSION = 1;
				GENERATE_INFOPLIST_FILE = YES;
				MARKETING_VERSION = 1.0;
				PRODUCT_BUNDLE_IDENTIFIER = TodoSns.PlayerStatusAppUITests;
				PRODUCT_NAME = "$(TARGET_NAME)";
				SWIFT_EMIT_LOC_STRINGS = NO;
				SWIFT_VERSION = 5.0;
				TARGETED_DEVICE_FAMILY = "1,2";
				TEST_TARGET_NAME = PlayerStatusApp;
			};
			name = Debug;
		};
		523F89A22B4FA1D900DC89C5 /* Release */ = {
			isa = XCBuildConfiguration;
			buildSettings = {
				ALWAYS_EMBED_SWIFT_STANDARD_LIBRARIES = YES;
				CODE_SIGN_STYLE = Automatic;
				CURRENT_PROJECT_VERSION = 1;
				GENERATE_INFOPLIST_FILE = YES;
				MARKETING_VERSION = 1.0;
				PRODUCT_BUNDLE_IDENTIFIER = TodoSns.PlayerStatusAppUITests;
				PRODUCT_NAME = "$(TARGET_NAME)";
				SWIFT_EMIT_LOC_STRINGS = NO;
				SWIFT_VERSION = 5.0;
				TARGETED_DEVICE_FAMILY = "1,2";
				TEST_TARGET_NAME = PlayerStatusApp;
			};
			name = Release;
		};
/* End XCBuildConfiguration section */

/* Begin XCConfigurationList section */
		523F89712B4FA1D800DC89C5 /* Build configuration list for PBXProject "PlayerStatusApp" */ = {
			isa = XCConfigurationList;
			buildConfigurations = (
				523F89982B4FA1D900DC89C5 /* Debug */,
				523F89992B4FA1D900DC89C5 /* Release */,
			);
			defaultConfigurationIsVisible = 0;
			defaultConfigurationName = Release;
		};
		523F899A2B4FA1D900DC89C5 /* Build configuration list for PBXNativeTarget "PlayerStatusApp" */ = {
			isa = XCConfigurationList;
			buildConfigurations = (
				523F899B2B4FA1D900DC89C5 /* Debug */,
				523F899C2B4FA1D900DC89C5 /* Release */,
			);
			defaultConfigurationIsVisible = 0;
			defaultConfigurationName = Release;
		};
		523F899D2B4FA1D900DC89C5 /* Build configuration list for PBXNativeTarget "PlayerStatusAppTests" */ = {
			isa = XCConfigurationList;
			buildConfigurations = (
				523F899E2B4FA1D900DC89C5 /* Debug */,
				523F899F2B4FA1D900DC89C5 /* Release */,
			);
			defaultConfigurationIsVisible = 0;
			defaultConfigurationName = Release;
		};
		523F89A02B4FA1D900DC89C5 /* Build configuration list for PBXNativeTarget "PlayerStatusAppUITests" */ = {
			isa = XCConfigurationList;
			buildConfigurations = (
				523F89A12B4FA1D900DC89C5 /* Debug */,
				523F89A22B4FA1D900DC89C5 /* Release */,
			);
			defaultConfigurationIsVisible = 0;
			defaultConfigurationName = Release;
		};
/* End XCConfigurationList section */
	};
	rootObject = 523F896E2B4FA1D800DC89C5 /* Project object */;
}
